
Microsoft Visual Studio Solution File, Format Version 12.00
# Visual Studio 2012
Project("{FAE04EC0-301F-11D3-BF4B-00C04F79EFBC}") = "HelloWorld", "HelloWorld\HelloWorld.csproj", "{43E03A88-F8B3-4FEE-B37F-1ED8621A6FE6}"
EndProject
Project("{FAE04EC0-301F-11D3-BF4B-00C04F79EFBC}") = "HelloWorld.iOS", "iOS\HelloWorld.iOS.csproj", "{24AAF52D-DDA5-4863-91CF-9602FF9BCD83}"
EndProject
Project("{FAE04EC0-301F-11D3-BF4B-00C04F79EFBC}") = "HelloWorld.Droid", "Droid\HelloWorld.Droid.csproj", "{875E3E8F-F8A9-483D-9CDE-05C39700798A}"
EndProject
Global
	GlobalSection(SolutionConfigurationPlatforms) = preSolution
		Debug|Any CPU = Debug|Any CPU
		Release|Any CPU = Release|Any CPU
		Debug|iPhoneSimulator = Debug|iPhoneSimulator
		Release|iPhone = Release|iPhone
		Release|iPhoneSimulator = Release|iPhoneSimulator
		Debug|iPhone = Debug|iPhone
	EndGlobalSection
	GlobalSection(ProjectConfigurationPlatforms) = postSolution
		{43E03A88-F8B3-4FEE-B37F-1ED8621A6FE6}.Debug|Any CPU.ActiveCfg = Debug|Any CPU
		{43E03A88-F8B3-4FEE-B37F-1ED8621A6FE6}.Debug|Any CPU.Build.0 = Debug|Any CPU
		{43E03A88-F8B3-4FEE-B37F-1ED8621A6FE6}.Release|Any CPU.ActiveCfg = Release|Any CPU
		{43E03A88-F8B3-4FEE-B37F-1ED8621A6FE6}.Release|Any CPU.Build.0 = Release|Any CPU
		{43E03A88-F8B3-4FEE-B37F-1ED8621A6FE6}.Debug|iPhoneSimulator.ActiveCfg = Debug|Any CPU
		{43E03A88-F8B3-4FEE-B37F-1ED8621A6FE6}.Debug|iPhoneSimulator.Build.0 = Debug|Any CPU
		{43E03A88-F8B3-4FEE-B37F-1ED8621A6FE6}.Release|iPhone.ActiveCfg = Release|Any CPU
		{43E03A88-F8B3-4FEE-B37F-1ED8621A6FE6}.Release|iPhone.Build.0 = Release|Any CPU
		{43E03A88-F8B3-4FEE-B37F-1ED8621A6FE6}.Release|iPhoneSimulator.ActiveCfg = Release|Any CPU
		{43E03A88-F8B3-4FEE-B37F-1ED8621A6FE6}.Release|iPhoneSimulator.Build.0 = Release|Any CPU
		{43E03A88-F8B3-4FEE-B37F-1ED8621A6FE6}.Debug|iPhone.ActiveCfg = Debug|Any CPU
		{43E03A88-F8B3-4FEE-B37F-1ED8621A6FE6}.Debug|iPhone.Build.0 = Debug|Any CPU
		{24AAF52D-DDA5-4863-91CF-9602FF9BCD83}.Debug|Any CPU.ActiveCfg = Debug|iPhoneSimulator
		{24AAF52D-DDA5-4863-91CF-9602FF9BCD83}.Debug|Any CPU.Build.0 = Debug|iPhoneSimulator
		{24AAF52D-DDA5-4863-91CF-9602FF9BCD83}.Release|Any CPU.ActiveCfg = Release|iPhone
		{24AAF52D-DDA5-4863-91CF-9602FF9BCD83}.Release|Any CPU.Build.0 = Release|iPhone
		{24AAF52D-DDA5-4863-91CF-9602FF9BCD83}.Debug|iPhoneSimulator.ActiveCfg = Debug|iPhoneSimulator
		{24AAF52D-DDA5-4863-91CF-9602FF9BCD83}.Debug|iPhoneSimulator.Build.0 = Debug|iPhoneSimulator
		{24AAF52D-DDA5-4863-91CF-9602FF9BCD83}.Release|iPhone.ActiveCfg = Release|iPhone
		{24AAF52D-DDA5-4863-91CF-9602FF9BCD83}.Release|iPhone.Build.0 = Release|iPhone
		{24AAF52D-DDA5-4863-91CF-9602FF9BCD83}.Release|iPhoneSimulator.ActiveCfg = Release|iPhoneSimulator
		{24AAF52D-DDA5-4863-91CF-9602FF9BCD83}.Release|iPhoneSimulator.Build.0 = Release|iPhoneSimulator
		{24AAF52D-DDA5-4863-91CF-9602FF9BCD83}.Debug|iPhone.ActiveCfg = Debug|iPhone
		{24AAF52D-DDA5-4863-91CF-9602FF9BCD83}.Debug|iPhone.Build.0 = Debug|iPhone
		{875E3E8F-F8A9-483D-9CDE-05C39700798A}.Debug|Any CPU.ActiveCfg = Debug|Any CPU
		{875E3E8F-F8A9-483D-9CDE-05C39700798A}.Debug|Any CPU.Build.0 = Debug|Any CPU
		{875E3E8F-F8A9-483D-9CDE-05C39700798A}.Release|Any CPU.ActiveCfg = Release|Any CPU
		{875E3E8F-F8A9-483D-9CDE-05C39700798A}.Release|Any CPU.Build.0 = Release|Any CPU
		{875E3E8F-F8A9-483D-9CDE-05C39700798A}.Debug|iPhoneSimulator.ActiveCfg = Debug|Any CPU
		{875E3E8F-F8A9-483D-9CDE-05C39700798A}.Debug|iPhoneSimulator.Build.0 = Debug|Any CPU
		{875E3E8F-F8A9-483D-9CDE-05C39700798A}.Release|iPhone.ActiveCfg = Release|Any CPU
		{875E3E8F-F8A9-483D-9CDE-05C39700798A}.Release|iPhone.Build.0 = Release|Any CPU
		{875E3E8F-F8A9-483D-9CDE-05C39700798A}.Release|iPhoneSimulator.ActiveCfg = Release|Any CPU
		{875E3E8F-F8A9-483D-9CDE-05C39700798A}.Release|iPhoneSimulator.Build.0 = Release|Any CPU
		{875E3E8F-F8A9-483D-9CDE-05C39700798A}.Debug|iPhone.ActiveCfg = Debug|Any CPU
		{875E3E8F-F8A9-483D-9CDE-05C39700798A}.Debug|iPhone.Build.0 = Debug|Any CPU
	EndGlobalSection
EndGlobal
